
Microsoft Visual Studio Solution File, Format Version 12.00
# Visual Studio Version 16
VisualStudioVersion = 16.0.30717.126
MinimumVisualStudioVersion = 10.0.40219.1
Project("{FAE04EC0-301F-11D3-BF4B-00C04F79EFBC}") = "mastermind", "mastermind\mastermind.csproj", "{AFF12731-CDB0-4838-B423-6388C022A528}"
EndProject
Project("{FAE04EC0-301F-11D3-BF4B-00C04F79EFBC}") = "mastermind.Tests", "mastermind.Tests\mastermind.Tests.csproj", "{EB53D7F9-EFFD-4111-A0B4-7F786BA14695}"
EndProject
Global
	GlobalSection(SolutionConfigurationPlatforms) = preSolution
		Debug|Any CPU = Debug|Any CPU
		Release|Any CPU = Release|Any CPU
	EndGlobalSection
	GlobalSection(ProjectConfigurationPlatforms) = postSolution
		{AFF12731-CDB0-4838-B423-6388C022A528}.Debug|Any CPU.ActiveCfg = Debug|Any CPU
		{AFF12731-CDB0-4838-B423-6388C022A528}.Debug|Any CPU.Build.0 = Debug|Any CPU
		{AFF12731-CDB0-4838-B423-6388C022A528}.Release|Any CPU.ActiveCfg = Release|Any CPU
		{AFF12731-CDB0-4838-B423-6388C022A528}.Release|Any CPU.Build.0 = Release|Any CPU
		{EB53D7F9-EFFD-4111-A0B4-7F786BA14695}.Debug|Any CPU.ActiveCfg = Debug|Any CPU
		{EB53D7F9-EFFD-4111-A0B4-7F786BA14695}.Debug|Any CPU.Build.0 = Debug|Any CPU
		{EB53D7F9-EFFD-4111-A0B4-7F786BA14695}.Release|Any CPU.ActiveCfg = Release|Any CPU
		{EB53D7F9-EFFD-4111-A0B4-7F786BA14695}.Release|Any CPU.Build.0 = Release|Any CPU
	EndGlobalSection
	GlobalSection(SolutionProperties) = preSolution
		HideSolutionNode = FALSE
	EndGlobalSection
	GlobalSection(ExtensibilityGlobals) = postSolution
		SolutionGuid = {4E0BFFCC-CD4A-4E1A-906B-E0417EBCF9FF}
	EndGlobalSection
EndGlobal
